
Microsoft Visual Studio Solution File, Format Version 12.00
# Visual Studio 2013
VisualStudioVersion = 12.0.21005.1
MinimumVisualStudioVersion = 10.0.40219.1
Project("{FAE04EC0-301F-11D3-BF4B-00C04F79EFBC}") = "SQLite_DataBaseManager", "SQLite_DataBaseManager\SQLite_DataBaseManager.csproj", "{824B825D-CE86-4BE8-BC0C-71C2F96E8148}"
EndProject
Global
	GlobalSection(SolutionConfigurationPlatforms) = preSolution
		Debug|Any CPU = Debug|Any CPU
		Release|Any CPU = Release|Any CPU
	EndGlobalSection
	GlobalSection(ProjectConfigurationPlatforms) = postSolution
		{824B825D-CE86-4BE8-BC0C-71C2F96E8148}.Debug|Any CPU.ActiveCfg = Debug|Any CPU
		{824B825D-CE86-4BE8-BC0C-71C2F96E8148}.Debug|Any CPU.Build.0 = Debug|Any CPU
		{824B825D-CE86-4BE8-BC0C-71C2F96E8148}.Release|Any CPU.ActiveCfg = Release|Any CPU
		{824B825D-CE86-4BE8-BC0C-71C2F96E8148}.Release|Any CPU.Build.0 = Release|Any CPU
	EndGlobalSection
	GlobalSection(SolutionProperties) = preSolution
		HideSolutionNode = FALSE
	EndGlobalSection
EndGlobal
